
Microsoft Visual Studio Solution File, Format Version 12.00
# Visual Studio Version 16
VisualStudioVersion = 16.0.31005.135
MinimumVisualStudioVersion = 10.0.40219.1
Project("{FAE04EC0-301F-11D3-BF4B-00C04F79EFBC}") = "TextFilePractice", "TextFilePractice\TextFilePractice.csproj", "{533066AE-200D-4FE5-B9F0-D6FF6224E7D8}"
EndProject
Global
	GlobalSection(SolutionConfigurationPlatforms) = preSolution
		Debug|Any CPU = Debug|Any CPU
		Release|Any CPU = Release|Any CPU
	EndGlobalSection
	GlobalSection(ProjectConfigurationPlatforms) = postSolution
		{533066AE-200D-4FE5-B9F0-D6FF6224E7D8}.Debug|Any CPU.ActiveCfg = Debug|Any CPU
		{533066AE-200D-4FE5-B9F0-D6FF6224E7D8}.Debug|Any CPU.Build.0 = Debug|Any CPU
		{533066AE-200D-4FE5-B9F0-D6FF6224E7D8}.Release|Any CPU.ActiveCfg = Release|Any CPU
		{533066AE-200D-4FE5-B9F0-D6FF6224E7D8}.Release|Any CPU.Build.0 = Release|Any CPU
	EndGlobalSection
	GlobalSection(SolutionProperties) = preSolution
		HideSolutionNode = FALSE
	EndGlobalSection
	GlobalSection(ExtensibilityGlobals) = postSolution
		SolutionGuid = {E7B138DB-09D0-4AB3-9C27-42B7F4295835}
	EndGlobalSection
EndGlobal
